
Microsoft Visual Studio Solution File, Format Version 12.00
# Visual Studio Version 16
VisualStudioVersion = 16.0.31624.102
MinimumVisualStudioVersion = 10.0.40219.1
Project("{FAE04EC0-301F-11D3-BF4B-00C04F79EFBC}") = "catest", "catest\catest.csproj", "{F7B4FE70-1999-4A32-A1BD-B9461E125513}"
EndProject
Global
	GlobalSection(SolutionConfigurationPlatforms) = preSolution
		Debug|Any CPU = Debug|Any CPU
		Release|Any CPU = Release|Any CPU
	EndGlobalSection
	GlobalSection(ProjectConfigurationPlatforms) = postSolution
		{F7B4FE70-1999-4A32-A1BD-B9461E125513}.Debug|Any CPU.ActiveCfg = Debug|Any CPU
		{F7B4FE70-1999-4A32-A1BD-B9461E125513}.Debug|Any CPU.Build.0 = Debug|Any CPU
		{F7B4FE70-1999-4A32-A1BD-B9461E125513}.Release|Any CPU.ActiveCfg = Release|Any CPU
		{F7B4FE70-1999-4A32-A1BD-B9461E125513}.Release|Any CPU.Build.0 = Release|Any CPU
	EndGlobalSection
	GlobalSection(SolutionProperties) = preSolution
		HideSolutionNode = FALSE
	EndGlobalSection
	GlobalSection(ExtensibilityGlobals) = postSolution
		SolutionGuid = {12193895-19A9-4F80-9FFD-221A2D29DA55}
	EndGlobalSection
EndGlobal
